
Microsoft Visual Studio Solution File, Format Version 12.00
# Visual Studio Version 17
VisualStudioVersion = 17.5.002.0
MinimumVisualStudioVersion = 10.0.40219.1
Project("{9A19103F-16F7-4668-BE54-9A1E7A4F7556}") = "backend", "backend.csproj", "{81B14B05-D979-4FFA-8143-F23276D2D032}"
EndProject
Global
	GlobalSection(SolutionConfigurationPlatforms) = preSolution
		Debug|Any CPU = Debug|Any CPU
		Release|Any CPU = Release|Any CPU
	EndGlobalSection
	GlobalSection(ProjectConfigurationPlatforms) = postSolution
		{81B14B05-D979-4FFA-8143-F23276D2D032}.Debug|Any CPU.ActiveCfg = Debug|Any CPU
		{81B14B05-D979-4FFA-8143-F23276D2D032}.Debug|Any CPU.Build.0 = Debug|Any CPU
		{81B14B05-D979-4FFA-8143-F23276D2D032}.Release|Any CPU.ActiveCfg = Release|Any CPU
		{81B14B05-D979-4FFA-8143-F23276D2D032}.Release|Any CPU.Build.0 = Release|Any CPU
	EndGlobalSection
	GlobalSection(SolutionProperties) = preSolution
		HideSolutionNode = FALSE
	EndGlobalSection
	GlobalSection(ExtensibilityGlobals) = postSolution
		SolutionGuid = {2596BDAF-508B-4DFC-A351-E9B6307E0F22}
	EndGlobalSection
EndGlobal
